
Microsoft Visual Studio Solution File, Format Version 12.00
# Visual Studio Version 16
VisualStudioVersion = 16.0.28803.202
MinimumVisualStudioVersion = 10.0.40219.1
Project("{9A19103F-16F7-4668-BE54-9A1E7A4F7556}") = "B站专栏CSharp代码高亮", "B站专栏CSharp代码高亮\B站专栏CSharp代码高亮.csproj", "{1D236C07-BDC1-40BF-8916-4F448A5AC067}"
EndProject
Project("{FAE04EC0-301F-11D3-BF4B-00C04F79EFBC}") = "ConsoleApp1", "ConsoleApp1\ConsoleApp1.csproj", "{2E0365DC-030C-40F2-AFE2-A92DE14B1D84}"
EndProject
Global
	GlobalSection(SolutionConfigurationPlatforms) = preSolution
		Debug|Any CPU = Debug|Any CPU
		Release|Any CPU = Release|Any CPU
	EndGlobalSection
	GlobalSection(ProjectConfigurationPlatforms) = postSolution
		{1D236C07-BDC1-40BF-8916-4F448A5AC067}.Debug|Any CPU.ActiveCfg = Debug|Any CPU
		{1D236C07-BDC1-40BF-8916-4F448A5AC067}.Debug|Any CPU.Build.0 = Debug|Any CPU
		{1D236C07-BDC1-40BF-8916-4F448A5AC067}.Release|Any CPU.ActiveCfg = Release|Any CPU
		{1D236C07-BDC1-40BF-8916-4F448A5AC067}.Release|Any CPU.Build.0 = Release|Any CPU
		{2E0365DC-030C-40F2-AFE2-A92DE14B1D84}.Debug|Any CPU.ActiveCfg = Debug|Any CPU
		{2E0365DC-030C-40F2-AFE2-A92DE14B1D84}.Debug|Any CPU.Build.0 = Debug|Any CPU
		{2E0365DC-030C-40F2-AFE2-A92DE14B1D84}.Release|Any CPU.ActiveCfg = Release|Any CPU
		{2E0365DC-030C-40F2-AFE2-A92DE14B1D84}.Release|Any CPU.Build.0 = Release|Any CPU
	EndGlobalSection
	GlobalSection(SolutionProperties) = preSolution
		HideSolutionNode = FALSE
	EndGlobalSection
	GlobalSection(ExtensibilityGlobals) = postSolution
		SolutionGuid = {899A1A60-CFC9-445C-92D4-DCDD17CEC797}
	EndGlobalSection
EndGlobal
